
Microsoft Visual Studio Solution File, Format Version 12.00
# Visual Studio Version 17
VisualStudioVersion = 17.4.33205.214
MinimumVisualStudioVersion = 10.0.40219.1
Project("{9A19103F-16F7-4668-BE54-9A1E7A4F7556}") = "TheApp", "TheApp\TheApp.csproj", "{C4A27C83-0475-461A-AD65-79FA9FF02EEF}"
EndProject
Project("{9A19103F-16F7-4668-BE54-9A1E7A4F7556}") = "TheCore", "TheCore\TheCore.csproj", "{4896BAA3-25DE-465F-864D-D3FB6C2A1B68}"
EndProject
Project("{9A19103F-16F7-4668-BE54-9A1E7A4F7556}") = "TheAddon", "TheAddon\TheAddon.csproj", "{02633A2D-BCF7-42B6-8A65-4EC35A4CC01E}"
EndProject
Project("{9A19103F-16F7-4668-BE54-9A1E7A4F7556}") = "TheDirectUserApp", "TheDirectUserApp\TheDirectUserApp.csproj", "{BD2EE5A9-0CB2-4C2C-9306-9656D4F8F0EF}"
EndProject
Project("{FAE04EC0-301F-11D3-BF4B-00C04F79EFBC}") = "TheOtherAddon", "TheOtherAddon\TheOtherAddon.csproj", "{C473158A-AA8C-4749-9CDE-8B1036060E15}"
EndProject
Global
	GlobalSection(SolutionConfigurationPlatforms) = preSolution
		Debug|Any CPU = Debug|Any CPU
		Release|Any CPU = Release|Any CPU
	EndGlobalSection
	GlobalSection(ProjectConfigurationPlatforms) = postSolution
		{C4A27C83-0475-461A-AD65-79FA9FF02EEF}.Debug|Any CPU.ActiveCfg = Debug|Any CPU
		{C4A27C83-0475-461A-AD65-79FA9FF02EEF}.Debug|Any CPU.Build.0 = Debug|Any CPU
		{C4A27C83-0475-461A-AD65-79FA9FF02EEF}.Release|Any CPU.ActiveCfg = Release|Any CPU
		{C4A27C83-0475-461A-AD65-79FA9FF02EEF}.Release|Any CPU.Build.0 = Release|Any CPU
		{4896BAA3-25DE-465F-864D-D3FB6C2A1B68}.Debug|Any CPU.ActiveCfg = Debug|Any CPU
		{4896BAA3-25DE-465F-864D-D3FB6C2A1B68}.Debug|Any CPU.Build.0 = Debug|Any CPU
		{4896BAA3-25DE-465F-864D-D3FB6C2A1B68}.Release|Any CPU.ActiveCfg = Release|Any CPU
		{4896BAA3-25DE-465F-864D-D3FB6C2A1B68}.Release|Any CPU.Build.0 = Release|Any CPU
		{02633A2D-BCF7-42B6-8A65-4EC35A4CC01E}.Debug|Any CPU.ActiveCfg = Debug|Any CPU
		{02633A2D-BCF7-42B6-8A65-4EC35A4CC01E}.Debug|Any CPU.Build.0 = Debug|Any CPU
		{02633A2D-BCF7-42B6-8A65-4EC35A4CC01E}.Release|Any CPU.ActiveCfg = Release|Any CPU
		{02633A2D-BCF7-42B6-8A65-4EC35A4CC01E}.Release|Any CPU.Build.0 = Release|Any CPU
		{BD2EE5A9-0CB2-4C2C-9306-9656D4F8F0EF}.Debug|Any CPU.ActiveCfg = Debug|Any CPU
		{BD2EE5A9-0CB2-4C2C-9306-9656D4F8F0EF}.Release|Any CPU.ActiveCfg = Release|Any CPU
		{BD2EE5A9-0CB2-4C2C-9306-9656D4F8F0EF}.Release|Any CPU.Build.0 = Release|Any CPU
		{C473158A-AA8C-4749-9CDE-8B1036060E15}.Debug|Any CPU.ActiveCfg = Debug|Any CPU
		{C473158A-AA8C-4749-9CDE-8B1036060E15}.Debug|Any CPU.Build.0 = Debug|Any CPU
		{C473158A-AA8C-4749-9CDE-8B1036060E15}.Release|Any CPU.ActiveCfg = Release|Any CPU
		{C473158A-AA8C-4749-9CDE-8B1036060E15}.Release|Any CPU.Build.0 = Release|Any CPU
	EndGlobalSection
	GlobalSection(SolutionProperties) = preSolution
		HideSolutionNode = FALSE
	EndGlobalSection
	GlobalSection(ExtensibilityGlobals) = postSolution
		SolutionGuid = {77E34FAC-697E-4A10-ADF9-E9DD1257B276}
	EndGlobalSection
EndGlobal
